<?xml version="1.0" encoding="utf-8"?>
<Project ToolsVersion="4.0" xmlns="http://schemas.microsoft.com/developer/msbuild/2003">
  <ItemGroup>
    <Filter Include="Source Files">
      <UniqueIdentifier>{4FC737F1-C7A5-4376-A066-2A32D752A2FF}</UniqueIdentifier>
      <Extensions>cpp;c;cc;cxx;c++;cppm;ixx;def;odl;idl;hpj;bat;asm;asmx</Extensions>
    </Filter>
    <Filter Include="Header Files">
      <UniqueIdentifier>{93995380-89BD-4b04-88EB-625FBE52EBFB}</UniqueIdentifier>
      <Extensions>h;hh;hpp;hxx;h++;hm;inl;inc;ipp;xsd</Extensions>
    </Filter>
    <Filter Include="Resource Files">
      <UniqueIdentifier>{67DA6AB6-F800-4c08-8B7A-83BB121AAD01}</UniqueIdentifier>
      <Extensions>rc;ico;cur;bmp;dlg;rc2;rct;bin;rgs;gif;jpg;jpeg;jpe;resx;tiff;tif;png;wav;mfcribbon-ms</Extensions>
    </Filter>
  </ItemGroup>
  <ItemGroup>
    <ClCompile Include="main.cpp">
      <Filter>Source Files</Filter>
    </ClCompile>
    <ClCompile Include="SlotGameSimulator.cpp">
      <Filter>Source Files</Filter>
    </ClCompile>
    <ClCompile Include="LengthBasedPrizeChecker.h">
      <Filter>Header Files</Filter>
    </ClCompile>
    <ClCompile Include="ParseArgs.cpp">
      <Filter>Source Files</Filter>
    </ClCompile>
  </ItemGroup>
  <ItemGroup>
    <ClInclude Include="BetLines.h">
      <Filter>Header Files</Filter>
    </ClInclude>
    <ClInclude Include="SlotGameSimulator.h">
      <Filter>Header Files</Filter>
    </ClInclude>
    <ClInclude Include="BetLine.h">
      <Filter>Header Files</Filter>
    </ClInclude>
    <ClInclude Include="GameBoard.h">
      <Filter>Header Files</Filter>
    </ClInclude>
    <ClInclude Include="LengthBasedPrize.h">
      <Filter>Header Files</Filter>
    </ClInclude>
    <ClInclude Include="CountBasedPrize.h">
      <Filter>Header Files</Filter>
    </ClInclude>
    <ClInclude Include="LengthBasedPayout.h">
      <Filter>Header Files</Filter>
    </ClInclude>
    <ClInclude Include="CountBasedPayout.h">
      <Filter>Header Files</Filter>
    </ClInclude>
    <ClInclude Include="LengthBasedPrizes.h">
      <Filter>Header Files</Filter>
    </ClInclude>
    <ClInclude Include="CountBasedPrizes.h">
      <Filter>Header Files</Filter>
    </ClInclude>
    <ClInclude Include="CountBasedPrizeChecker.h">
      <Filter>Header Files</Filter>
    </ClInclude>
    <ClInclude Include="SymbolGenerator.h">
      <Filter>Header Files</Filter>
    </ClInclude>
    <ClInclude Include="FixedProbabilitySymbolGenerator.h">
      <Filter>Header Files</Filter>
    </ClInclude>
    <ClInclude Include="StdRandomNumberGenerator.h">
      <Filter>Header Files</Filter>
    </ClInclude>
    <ClInclude Include="RandomNumberGenerator.h">
      <Filter>Header Files</Filter>
    </ClInclude>
    <ClInclude Include="ReelSymbolsGenerator.h">
      <Filter>Header Files</Filter>
    </ClInclude>
    <ClInclude Include="GameSymbolsGenerator_RSG1.h">
      <Filter>Header Files</Filter>
    </ClInclude>
    <ClInclude Include="GameSymbolsGenerator.h">
      <Filter>Header Files</Filter>
    </ClInclude>
    <ClInclude Include="GameSymbolsGenerator_RSG5.h">
      <Filter>Header Files</Filter>
    </ClInclude>
    <ClInclude Include="GameSymbolsGenerator_Random.h">
      <Filter>Header Files</Filter>
    </ClInclude>
    <ClInclude Include="RandomSymbolGenerator.h">
      <Filter>Header Files</Filter>
    </ClInclude>
    <ClInclude Include="SymbolProbabilities01.h">
      <Filter>Header Files</Filter>
    </ClInclude>
    <ClInclude Include="SymbolProbabilities02.h">
      <Filter>Header Files</Filter>
    </ClInclude>
    <ClInclude Include="SymbolProbabilities00.h">
      <Filter>Header Files</Filter>
    </ClInclude>
    <ClInclude Include="SymbolProbabilities03.h">
      <Filter>Header Files</Filter>
    </ClInclude>
    <ClInclude Include="SymbolProbabilities04.h">
      <Filter>Header Files</Filter>
    </ClInclude>
    <ClInclude Include="SymbolProbabilities05.h">
      <Filter>Header Files</Filter>
    </ClInclude>
    <ClInclude Include="SymbolProbabilities06.h">
      <Filter>Header Files</Filter>
    </ClInclude>
    <ClInclude Include="SymbolProbabilities07.h">
      <Filter>Header Files</Filter>
    </ClInclude>
    <ClInclude Include="ParseArgs.h">
      <Filter>Header Files</Filter>
    </ClInclude>
    <ClInclude Include="GameSymbolsGenerator_Const.h">
      <Filter>Header Files</Filter>
    </ClInclude>
    <ClInclude Include="SimulationData.h">
      <Filter>Header Files</Filter>
    </ClInclude>
  </ItemGroup>
</Project>